<?xml version="1.0" encoding="utf-8"?>
<Project ToolsVersion="4.0" xmlns="http://schemas.microsoft.com/developer/msbuild/2003">
  <ItemGroup>
    <Filter Include="源文件">
      <UniqueIdentifier>{4FC737F1-C7A5-4376-A066-2A32D752A2FF}</UniqueIdentifier>
      <Extensions>cpp;c;cc;cxx;def;odl;idl;hpj;bat;asm;asmx</Extensions>
    </Filter>
    <Filter Include="头文件">
      <UniqueIdentifier>{93995380-89BD-4b04-88EB-625FBE52EBFB}</UniqueIdentifier>
      <Extensions>h;hh;hpp;hxx;hm;inl;inc;xsd</Extensions>
    </Filter>
    <Filter Include="资源文件">
      <UniqueIdentifier>{67DA6AB6-F800-4c08-8B7A-83BB121AAD01}</UniqueIdentifier>
      <Extensions>rc;ico;cur;bmp;dlg;rc2;rct;bin;rgs;gif;jpg;jpeg;jpe;resx;tiff;tif;png;wav;mfcribbon-ms</Extensions>
    </Filter>
    <Filter Include="net">
      <UniqueIdentifier>{8c98a318-dec0-4496-a1ed-856871db5ed9}</UniqueIdentifier>
    </Filter>
    <Filter Include="browser">
      <UniqueIdentifier>{aeec8d71-a3a5-4b21-86d3-838551f3d940}</UniqueIdentifier>
    </Filter>
  </ItemGroup>
  <ItemGroup>
    <Text Include="ReadMe.txt" />
  </ItemGroup>
  <ItemGroup>
    <ClInclude Include="RemoteDesktopClient.h">
      <Filter>头文件</Filter>
    </ClInclude>
    <ClInclude Include="RemoteDesktopClientDlg.h">
      <Filter>头文件</Filter>
    </ClInclude>
    <ClInclude Include="stdafx.h">
      <Filter>头文件</Filter>
    </ClInclude>
    <ClInclude Include="targetver.h">
      <Filter>头文件</Filter>
    </ClInclude>
    <ClInclude Include="Resource.h">
      <Filter>头文件</Filter>
    </ClInclude>
    <ClInclude Include="LoginDlg.h">
      <Filter>头文件</Filter>
    </ClInclude>
    <ClInclude Include="EV_Socket.h">
      <Filter>net</Filter>
    </ClInclude>
    <ClInclude Include="NetConnect.h">
      <Filter>net</Filter>
    </ClInclude>
    <ClInclude Include="Util.h">
      <Filter>头文件</Filter>
    </ClInclude>
    <ClInclude Include="Log.h">
      <Filter>头文件</Filter>
    </ClInclude>
    <ClInclude Include="MutexImp_Win32.h">
      <Filter>头文件</Filter>
    </ClInclude>
    <ClInclude Include="MsgTips.h">
      <Filter>头文件</Filter>
    </ClInclude>
    <ClInclude Include="WndsManger.h">
      <Filter>头文件</Filter>
    </ClInclude>
    <ClInclude Include="HttpUtil.h">
      <Filter>net</Filter>
    </ClInclude>
    <ClInclude Include="CefBrowserApp.h">
      <Filter>browser</Filter>
    </ClInclude>
    <ClInclude Include="CefBrowserEventHandler.h">
      <Filter>browser</Filter>
    </ClInclude>
    <ClInclude Include="V8JsHandler.h">
      <Filter>browser</Filter>
    </ClInclude>
    <ClInclude Include="UserGameDlg.h">
      <Filter>头文件</Filter>
    </ClInclude>
  </ItemGroup>
  <ItemGroup>
    <ClCompile Include="RemoteDesktopClient.cpp">
      <Filter>源文件</Filter>
    </ClCompile>
    <ClCompile Include="RemoteDesktopClientDlg.cpp">
      <Filter>源文件</Filter>
    </ClCompile>
    <ClCompile Include="stdafx.cpp">
      <Filter>源文件</Filter>
    </ClCompile>
    <ClCompile Include="LoginDlg.cpp">
      <Filter>源文件</Filter>
    </ClCompile>
    <ClCompile Include="EV_Socket.cpp">
      <Filter>net</Filter>
    </ClCompile>
    <ClCompile Include="NetConnect.cpp">
      <Filter>net</Filter>
    </ClCompile>
    <ClCompile Include="CRemoteDesktopClientEvent.cpp">
      <Filter>源文件</Filter>
    </ClCompile>
    <ClCompile Include="Util.cpp">
      <Filter>源文件</Filter>
    </ClCompile>
    <ClCompile Include="Log.cpp">
      <Filter>源文件</Filter>
    </ClCompile>
    <ClCompile Include="MutexImp_Win32.cpp">
      <Filter>源文件</Filter>
    </ClCompile>
    <ClCompile Include="MsgTips.cpp">
      <Filter>源文件</Filter>
    </ClCompile>
    <ClCompile Include="WndsManger.cpp">
      <Filter>源文件</Filter>
    </ClCompile>
    <ClCompile Include="HttpUtil.cpp">
      <Filter>net</Filter>
    </ClCompile>
    <ClCompile Include="CefBrowserApp.cpp">
      <Filter>browser</Filter>
    </ClCompile>
    <ClCompile Include="CefBrowserEventHandler.cpp">
      <Filter>browser</Filter>
    </ClCompile>
    <ClCompile Include="V8JsHandler.cpp">
      <Filter>browser</Filter>
    </ClCompile>
    <ClCompile Include="UserGameDlg.cpp">
      <Filter>源文件</Filter>
    </ClCompile>
  </ItemGroup>
  <ItemGroup>
    <ResourceCompile Include="RemoteDesktopClient.rc">
      <Filter>资源文件</Filter>
    </ResourceCompile>
  </ItemGroup>
  <ItemGroup>
    <None Include="res\RemoteDesktopClient.rc2">
      <Filter>资源文件</Filter>
    </None>
    <None Include="res\cursor1.cur">
      <Filter>资源文件</Filter>
    </None>
  </ItemGroup>
  <ItemGroup>
    <Image Include="res\RemoteDesktopClient.ico">
      <Filter>资源文件</Filter>
    </Image>
  </ItemGroup>
</Project>